
Microsoft Visual Studio Solution File, Format Version 12.00
# Visual Studio Version 17
VisualStudioVersion = 17.0.31903.59
MinimumVisualStudioVersion = 10.0.40219.1
Project("{2150E333-8FDC-42A3-9474-1A3956D46DE8}") = "backend", "backend", "{1AE8ACA6-933B-BF2A-3671-3E2EAC007D16}"
EndProject
Project("{FAE04EC0-301F-11D3-BF4B-00C04F79EFBC}") = "Stainer.Web", "backend\Stainer.Web\Stainer.Web.csproj", "{B76347B4-F849-40DC-A5D0-AF7DC665B1E4}"
EndProject
Project("{FAE04EC0-301F-11D3-BF4B-00C04F79EFBC}") = "Stainer.Tests", "backend\Stainer.Tests\Stainer.Tests.csproj", "{B75685E1-70C9-4857-AB42-ACEB57EF7A34}"
EndProject
Global
	GlobalSection(SolutionConfigurationPlatforms) = preSolution
		Debug|Any CPU = Debug|Any CPU
		Debug|x64 = Debug|x64
		Debug|x86 = Debug|x86
		Release|Any CPU = Release|Any CPU
		Release|x64 = Release|x64
		Release|x86 = Release|x86
	EndGlobalSection
	GlobalSection(ProjectConfigurationPlatforms) = postSolution
		{B76347B4-F849-40DC-A5D0-AF7DC665B1E4}.Debug|Any CPU.ActiveCfg = Debug|Any CPU
		{B76347B4-F849-40DC-A5D0-AF7DC665B1E4}.Debug|Any CPU.Build.0 = Debug|Any CPU
		{B76347B4-F849-40DC-A5D0-AF7DC665B1E4}.Debug|x64.ActiveCfg = Debug|Any CPU
		{B76347B4-F849-40DC-A5D0-AF7DC665B1E4}.Debug|x64.Build.0 = Debug|Any CPU
		{B76347B4-F849-40DC-A5D0-AF7DC665B1E4}.Debug|x86.ActiveCfg = Debug|Any CPU
		{B76347B4-F849-40DC-A5D0-AF7DC665B1E4}.Debug|x86.Build.0 = Debug|Any CPU
		{B76347B4-F849-40DC-A5D0-AF7DC665B1E4}.Release|Any CPU.ActiveCfg = Release|Any CPU
		{B76347B4-F849-40DC-A5D0-AF7DC665B1E4}.Release|Any CPU.Build.0 = Release|Any CPU
		{B76347B4-F849-40DC-A5D0-AF7DC665B1E4}.Release|x64.ActiveCfg = Release|Any CPU
		{B76347B4-F849-40DC-A5D0-AF7DC665B1E4}.Release|x64.Build.0 = Release|Any CPU
		{B76347B4-F849-40DC-A5D0-AF7DC665B1E4}.Release|x86.ActiveCfg = Release|Any CPU
		{B76347B4-F849-40DC-A5D0-AF7DC665B1E4}.Release|x86.Build.0 = Release|Any CPU
		{B75685E1-70C9-4857-AB42-ACEB57EF7A34}.Debug|Any CPU.ActiveCfg = Debug|Any CPU
		{B75685E1-70C9-4857-AB42-ACEB57EF7A34}.Debug|Any CPU.Build.0 = Debug|Any CPU
		{B75685E1-70C9-4857-AB42-ACEB57EF7A34}.Debug|x64.ActiveCfg = Debug|Any CPU
		{B75685E1-70C9-4857-AB42-ACEB57EF7A34}.Debug|x64.Build.0 = Debug|Any CPU
		{B75685E1-70C9-4857-AB42-ACEB57EF7A34}.Debug|x86.ActiveCfg = Debug|Any CPU
		{B75685E1-70C9-4857-AB42-ACEB57EF7A34}.Debug|x86.Build.0 = Debug|Any CPU
		{B75685E1-70C9-4857-AB42-ACEB57EF7A34}.Release|Any CPU.ActiveCfg = Release|Any CPU
		{B75685E1-70C9-4857-AB42-ACEB57EF7A34}.Release|Any CPU.Build.0 = Release|Any CPU
		{B75685E1-70C9-4857-AB42-ACEB57EF7A34}.Release|x64.ActiveCfg = Release|Any CPU
		{B75685E1-70C9-4857-AB42-ACEB57EF7A34}.Release|x64.Build.0 = Release|Any CPU
		{B75685E1-70C9-4857-AB42-ACEB57EF7A34}.Release|x86.ActiveCfg = Release|Any CPU
		{B75685E1-70C9-4857-AB42-ACEB57EF7A34}.Release|x86.Build.0 = Release|Any CPU
	EndGlobalSection
	GlobalSection(SolutionProperties) = preSolution
		HideSolutionNode = FALSE
	EndGlobalSection
	GlobalSection(NestedProjects) = preSolution
		{B76347B4-F849-40DC-A5D0-AF7DC665B1E4} = {1AE8ACA6-933B-BF2A-3671-3E2EAC007D16}
		{B75685E1-70C9-4857-AB42-ACEB57EF7A34} = {1AE8ACA6-933B-BF2A-3671-3E2EAC007D16}
	EndGlobalSection
EndGlobal
